// !$*UTF8*$!
{
	archiveVersion = 1;
	classes = {
	};
	objectVersion = 56;
	objects = {

/* Begin PBXBuildFile section */
		771331662A94F2BB00896066 /* OnBoardingContainerViewController.swift in Sources */ = {isa = PBXBuildFile; fileRef = 771331652A94F2BB00896066 /* OnBoardingContainerViewController.swift */; };
		77135D982A9891D600896066 /* OnBoardingViewController.swift in Sources */ = {isa = PBXBuildFile; fileRef = 77135D972A9891D600896066 /* OnBoardingViewController.swift */; };
		77135D9A2A9A23B500896066 /* DummyViewController.swift in Sources */ = {isa = PBXBuildFile; fileRef = 77135D992A9A23B500896066 /* DummyViewController.swift */; };
		77135D9D2A9A2B2A00896066 /* LocalState.swift in Sources */ = {isa = PBXBuildFile; fileRef = 77135D9C2A9A2B2A00896066 /* LocalState.swift */; };
		77CB7DC32AA39F360059B7F8 /* MainViewController.swift in Sources */ = {isa = PBXBuildFile; fileRef = 77CB7DC22AA39F360059B7F8 /* MainViewController.swift */; };
		77CB7DC52AA39FFC0059B7F8 /* ViewController+Utils.swift in Sources */ = {isa = PBXBuildFile; fileRef = 77CB7DC42AA39FFC0059B7F8 /* ViewController+Utils.swift */; };
		77F3759B2A90B721002E663F /* AppDelegate.swift in Sources */ = {isa = PBXBuildFile; fileRef = 77F3759A2A90B721002E663F /* AppDelegate.swift */; };
		77F3759F2A90B721002E663F /* LoginViewController.swift in Sources */ = {isa = PBXBuildFile; fileRef = 77F3759E2A90B721002E663F /* LoginViewController.swift */; };
		77F375A42A90B722002E663F /* Assets.xcassets in Resources */ = {isa = PBXBuildFile; fileRef = 77F375A32A90B722002E663F /* Assets.xcassets */; };
		77F375A72A90B722002E663F /* LaunchScreen.storyboard in Resources */ = {isa = PBXBuildFile; fileRef = 77F375A52A90B722002E663F /* LaunchScreen.storyboard */; };
		77F375B22A90B722002E663F /* Professional_iosTests.swift in Sources */ = {isa = PBXBuildFile; fileRef = 77F375B12A90B722002E663F /* Professional_iosTests.swift */; };
		77F375BC2A90B722002E663F /* Professional_iosUITests.swift in Sources */ = {isa = PBXBuildFile; fileRef = 77F375BB2A90B722002E663F /* Professional_iosUITests.swift */; };
		77F375BE2A90B722002E663F /* Professional_iosUITestsLaunchTests.swift in Sources */ = {isa = PBXBuildFile; fileRef = 77F375BD2A90B722002E663F /* Professional_iosUITestsLaunchTests.swift */; };
		77F375CD2A90BBEC002E663F /* LoginView.swift in Sources */ = {isa = PBXBuildFile; fileRef = 77F375CC2A90BBEC002E663F /* LoginView.swift */; };
		77F375CF2A914D0A002E663F /* LoginHeader.swift in Sources */ = {isa = PBXBuildFile; fileRef = 77F375CE2A914D0A002E663F /* LoginHeader.swift */; };
		77FF5EB32AA7A02C00728127 /* AccountSummaryViewController.swift in Sources */ = {isa = PBXBuildFile; fileRef = 77FF5EB22AA7A02C00728127 /* AccountSummaryViewController.swift */; };
		77FF5EB52AA7A29300728127 /* AccountSummaryHeaderView.swift in Sources */ = {isa = PBXBuildFile; fileRef = 77FF5EB42AA7A29300728127 /* AccountSummaryHeaderView.swift */; };
		77FF5EB72AA7A35500728127 /* AccountSummaryHeaderView.xib in Resources */ = {isa = PBXBuildFile; fileRef = 77FF5EB62AA7A35500728127 /* AccountSummaryHeaderView.xib */; };
/* End PBXBuildFile section */

/* Begin PBXContainerItemProxy section */
		77F375AE2A90B722002E663F /* PBXContainerItemProxy */ = {
			isa = PBXContainerItemProxy;
			containerPortal = 77F3758F2A90B721002E663F /* Project object */;
			proxyType = 1;
			remoteGlobalIDString = 77F375962A90B721002E663F;
			remoteInfo = "Professional-ios";
		};
		77F375B82A90B722002E663F /* PBXContainerItemProxy */ = {
			isa = PBXContainerItemProxy;
			containerPortal = 77F3758F2A90B721002E663F /* Project object */;
			proxyType = 1;
			remoteGlobalIDString = 77F375962A90B721002E663F;
			remoteInfo = "Professional-ios";
		};
/* End PBXContainerItemProxy section */

/* Begin PBXFileReference section */
		771331652A94F2BB00896066 /* OnBoardingContainerViewController.swift */ = {isa = PBXFileReference; lastKnownFileType = sourcecode.swift; path = OnBoardingContainerViewController.swift; sourceTree = "<group>"; };
		77135D972A9891D600896066 /* OnBoardingViewController.swift */ = {isa = PBXFileReference; lastKnownFileType = sourcecode.swift; path = OnBoardingViewController.swift; sourceTree = "<group>"; };
		77135D992A9A23B500896066 /* DummyViewController.swift */ = {isa = PBXFileReference; lastKnownFileType = sourcecode.swift; path = DummyViewController.swift; sourceTree = "<group>"; };
		77135D9C2A9A2B2A00896066 /* LocalState.swift */ = {isa = PBXFileReference; lastKnownFileType = sourcecode.swift; path = LocalState.swift; sourceTree = "<group>"; };
		77CB7DC22AA39F360059B7F8 /* MainViewController.swift */ = {isa = PBXFileReference; lastKnownFileType = sourcecode.swift; path = MainViewController.swift; sourceTree = "<group>"; };
		77CB7DC42AA39FFC0059B7F8 /* ViewController+Utils.swift */ = {isa = PBXFileReference; lastKnownFileType = sourcecode.swift; path = "ViewController+Utils.swift"; sourceTree = "<group>"; };
		77F375972A90B721002E663F /* Professional-ios.app */ = {isa = PBXFileReference; explicitFileType = wrapper.application; includeInIndex = 0; path = "Professional-ios.app"; sourceTree = BUILT_PRODUCTS_DIR; };
		77F3759A2A90B721002E663F /* AppDelegate.swift */ = {isa = PBXFileReference; lastKnownFileType = sourcecode.swift; path = AppDelegate.swift; sourceTree = "<group>"; };
		77F3759E2A90B721002E663F /* LoginViewController.swift */ = {isa = PBXFileReference; lastKnownFileType = sourcecode.swift; path = LoginViewController.swift; sourceTree = "<group>"; };
		77F375A32A90B722002E663F /* Assets.xcassets */ = {isa = PBXFileReference; lastKnownFileType = folder.assetcatalog; path = Assets.xcassets; sourceTree = "<group>"; };
		77F375A62A90B722002E663F /* Base */ = {isa = PBXFileReference; lastKnownFileType = file.storyboard; name = Base; path = Base.lproj/LaunchScreen.storyboard; sourceTree = "<group>"; };
		77F375A82A90B722002E663F /* Info.plist */ = {isa = PBXFileReference; lastKnownFileType = text.plist.xml; path = Info.plist; sourceTree = "<group>"; };
		77F375AD2A90B722002E663F /* Professional-iosTests.xctest */ = {isa = PBXFileReference; explicitFileType = wrapper.cfbundle; includeInIndex = 0; path = "Professional-iosTests.xctest"; sourceTree = BUILT_PRODUCTS_DIR; };
		77F375B12A90B722002E663F /* Professional_iosTests.swift */ = {isa = PBXFileReference; lastKnownFileType = sourcecode.swift; path = Professional_iosTests.swift; sourceTree = "<group>"; };
		77F375B72A90B722002E663F /* Professional-iosUITests.xctest */ = {isa = PBXFileReference; explicitFileType = wrapper.cfbundle; includeInIndex = 0; path = "Professional-iosUITests.xctest"; sourceTree = BUILT_PRODUCTS_DIR; };
		77F375BB2A90B722002E663F /* Professional_iosUITests.swift */ = {isa = PBXFileReference; lastKnownFileType = sourcecode.swift; path = Professional_iosUITests.swift; sourceTree = "<group>"; };
		77F375BD2A90B722002E663F /* Professional_iosUITestsLaunchTests.swift */ = {isa = PBXFileReference; lastKnownFileType = sourcecode.swift; path = Professional_iosUITestsLaunchTests.swift; sourceTree = "<group>"; };
		77F375CC2A90BBEC002E663F /* LoginView.swift */ = {isa = PBXFileReference; lastKnownFileType = sourcecode.swift; path = LoginView.swift; sourceTree = "<group>"; };
		77F375CE2A914D0A002E663F /* LoginHeader.swift */ = {isa = PBXFileReference; lastKnownFileType = sourcecode.swift; path = LoginHeader.swift; sourceTree = "<group>"; };
		77FF5EB22AA7A02C00728127 /* AccountSummaryViewController.swift */ = {isa = PBXFileReference; lastKnownFileType = sourcecode.swift; path = AccountSummaryViewController.swift; sourceTree = "<group>"; };
		77FF5EB42AA7A29300728127 /* AccountSummaryHeaderView.swift */ = {isa = PBXFileReference; lastKnownFileType = sourcecode.swift; path = AccountSummaryHeaderView.swift; sourceTree = "<group>"; };
		77FF5EB62AA7A35500728127 /* AccountSummaryHeaderView.xib */ = {isa = PBXFileReference; lastKnownFileType = file.xib; path = AccountSummaryHeaderView.xib; sourceTree = "<group>"; };
/* End PBXFileReference section */

/* Begin PBXFrameworksBuildPhase section */
		77F375942A90B721002E663F /* Frameworks */ = {
			isa = PBXFrameworksBuildPhase;
			buildActionMask = 2147483647;
			files = (
			);
			runOnlyForDeploymentPostprocessing = 0;
		};
		77F375AA2A90B722002E663F /* Frameworks */ = {
			isa = PBXFrameworksBuildPhase;
			buildActionMask = 2147483647;
			files = (
			);
			runOnlyForDeploymentPostprocessing = 0;
		};
		77F375B42A90B722002E663F /* Frameworks */ = {
			isa = PBXFrameworksBuildPhase;
			buildActionMask = 2147483647;
			files = (
			);
			runOnlyForDeploymentPostprocessing = 0;
		};
/* End PBXFrameworksBuildPhase section */

/* Begin PBXGroup section */
		771331642A94F26F00896066 /* OnBoarding */ = {
			isa = PBXGroup;
			children = (
				771331652A94F2BB00896066 /* OnBoardingContainerViewController.swift */,
				77135D972A9891D600896066 /* OnBoardingViewController.swift */,
			);
			name = OnBoarding;
			sourceTree = "<group>";
		};
		77135D9B2A9A2B1500896066 /* Utils */ = {
			isa = PBXGroup;
			children = (
				77135D9C2A9A2B2A00896066 /* LocalState.swift */,
				77CB7DC42AA39FFC0059B7F8 /* ViewController+Utils.swift */,
			);
			name = Utils;
			sourceTree = "<group>";
		};
		77F3758E2A90B721002E663F = {
			isa = PBXGroup;
			children = (
				77F375992A90B721002E663F /* Professional-ios */,
				77F375982A90B721002E663F /* Products */,
			);
			sourceTree = "<group>";
		};
		77F375982A90B721002E663F /* Products */ = {
			isa = PBXGroup;
			children = (
				77F375972A90B721002E663F /* Professional-ios.app */,
				77F375AD2A90B722002E663F /* Professional-iosTests.xctest */,
				77F375B72A90B722002E663F /* Professional-iosUITests.xctest */,
			);
			name = Products;
			sourceTree = "<group>";
		};
		77F375992A90B721002E663F /* Professional-ios */ = {
			isa = PBXGroup;
			children = (
				77F375CB2A90BB80002E663F /* Login */,
				771331642A94F26F00896066 /* OnBoarding */,
				77135D9B2A9A2B1500896066 /* Utils */,
				77FF5EB12AA79FC700728127 /* Account Summary */,
				77F3759A2A90B721002E663F /* AppDelegate.swift */,
				77F375CA2A90BACB002E663F /* Files */,
				77CB7DC22AA39F360059B7F8 /* MainViewController.swift */,
			);
			path = "Professional-ios";
			sourceTree = "<group>";
		};
		77F375B02A90B722002E663F /* Professional-iosTests */ = {
			isa = PBXGroup;
			children = (
				77F375B12A90B722002E663F /* Professional_iosTests.swift */,
			);
			path = "Professional-iosTests";
			sourceTree = "<group>";
		};
		77F375BA2A90B722002E663F /* Professional-iosUITests */ = {
			isa = PBXGroup;
			children = (
				77F375BB2A90B722002E663F /* Professional_iosUITests.swift */,
				77F375BD2A90B722002E663F /* Professional_iosUITestsLaunchTests.swift */,
			);
			path = "Professional-iosUITests";
			sourceTree = "<group>";
		};
		77F375CA2A90BACB002E663F /* Files */ = {
			isa = PBXGroup;
			children = (
				77F375A32A90B722002E663F /* Assets.xcassets */,
				77F375A52A90B722002E663F /* LaunchScreen.storyboard */,
				77F375A82A90B722002E663F /* Info.plist */,
				77F375B02A90B722002E663F /* Professional-iosTests */,
				77F375BA2A90B722002E663F /* Professional-iosUITests */,
			);
			name = Files;
			sourceTree = "<group>";
		};
		77F375CB2A90BB80002E663F /* Login */ = {
			isa = PBXGroup;
			children = (
				77F3759E2A90B721002E663F /* LoginViewController.swift */,
				77F375CC2A90BBEC002E663F /* LoginView.swift */,
				77F375CE2A914D0A002E663F /* LoginHeader.swift */,
				77135D992A9A23B500896066 /* DummyViewController.swift */,
			);
			name = Login;
			sourceTree = "<group>";
		};
		77FF5EB12AA79FC700728127 /* Account Summary */ = {
			isa = PBXGroup;
			children = (
				77FF5EB22AA7A02C00728127 /* AccountSummaryViewController.swift */,
				77FF5EB42AA7A29300728127 /* AccountSummaryHeaderView.swift */,
				77FF5EB62AA7A35500728127 /* AccountSummaryHeaderView.xib */,
			);
			name = "Account Summary";
			sourceTree = "<group>";
		};
/* End PBXGroup section */

/* Begin PBXNativeTarget section */
		77F375962A90B721002E663F /* Professional-ios */ = {
			isa = PBXNativeTarget;
			buildConfigurationList = 77F375C12A90B722002E663F /* Build configuration list for PBXNativeTarget "Professional-ios" */;
			buildPhases = (
				77F375932A90B721002E663F /* Sources */,
				77F375942A90B721002E663F /* Frameworks */,
				77F375952A90B721002E663F /* Resources */,
			);
			buildRules = (
			);
			dependencies = (
			);
			name = "Professional-ios";
			productName = "Professional-ios";
			productReference = 77F375972A90B721002E663F /* Professional-ios.app */;
			productType = "com.apple.product-type.application";
		};
		77F375AC2A90B722002E663F /* Professional-iosTests */ = {
			isa = PBXNativeTarget;
			buildConfigurationList = 77F375C42A90B722002E663F /* Build configuration list for PBXNativeTarget "Professional-iosTests" */;
			buildPhases = (
				77F375A92A90B722002E663F /* Sources */,
				77F375AA2A90B722002E663F /* Frameworks */,
				77F375AB2A90B722002E663F /* Resources */,
			);
			buildRules = (
			);
			dependencies = (
				77F375AF2A90B722002E663F /* PBXTargetDependency */,
			);
			name = "Professional-iosTests";
			productName = "Professional-iosTests";
			productReference = 77F375AD2A90B722002E663F /* Professional-iosTests.xctest */;
			productType = "com.apple.product-type.bundle.unit-test";
		};
		77F375B62A90B722002E663F /* Professional-iosUITests */ = {
			isa = PBXNativeTarget;
			buildConfigurationList = 77F375C72A90B722002E663F /* Build configuration list for PBXNativeTarget "Professional-iosUITests" */;
			buildPhases = (
				77F375B32A90B722002E663F /* Sources */,
				77F375B42A90B722002E663F /* Frameworks */,
				77F375B52A90B722002E663F /* Resources */,
			);
			buildRules = (
			);
			dependencies = (
				77F375B92A90B722002E663F /* PBXTargetDependency */,
			);
			name = "Professional-iosUITests";
			productName = "Professional-iosUITests";
			productReference = 77F375B72A90B722002E663F /* Professional-iosUITests.xctest */;
			productType = "com.apple.product-type.bundle.ui-testing";
		};
/* End PBXNativeTarget section */

/* Begin PBXProject section */
		77F3758F2A90B721002E663F /* Project object */ = {
			isa = PBXProject;
			attributes = {
				BuildIndependentTargetsInParallel = 1;
				LastSwiftUpdateCheck = 1430;
				LastUpgradeCheck = 1430;
				TargetAttributes = {
					77F375962A90B721002E663F = {
						CreatedOnToolsVersion = 14.3.1;
					};
					77F375AC2A90B722002E663F = {
						CreatedOnToolsVersion = 14.3.1;
						TestTargetID = 77F375962A90B721002E663F;
					};
					77F375B62A90B722002E663F = {
						CreatedOnToolsVersion = 14.3.1;
						TestTargetID = 77F375962A90B721002E663F;
					};
				};
			};
			buildConfigurationList = 77F375922A90B721002E663F /* Build configuration list for PBXProject "Professional-ios" */;
			compatibilityVersion = "Xcode 14.0";
			developmentRegion = en;
			hasScannedForEncodings = 0;
			knownRegions = (
				en,
				Base,
			);
			mainGroup = 77F3758E2A90B721002E663F;
			productRefGroup = 77F375982A90B721002E663F /* Products */;
			projectDirPath = "";
			projectRoot = "";
			targets = (
				77F375962A90B721002E663F /* Professional-ios */,
				77F375AC2A90B722002E663F /* Professional-iosTests */,
				77F375B62A90B722002E663F /* Professional-iosUITests */,
			);
		};
/* End PBXProject section */

/* Begin PBXResourcesBuildPhase section */
		77F375952A90B721002E663F /* Resources */ = {
			isa = PBXResourcesBuildPhase;
			buildActionMask = 2147483647;
			files = (
				77FF5EB72AA7A35500728127 /* AccountSummaryHeaderView.xib in Resources */,
				77F375A72A90B722002E663F /* LaunchScreen.storyboard in Resources */,
				77F375A42A90B722002E663F /* Assets.xcassets in Resources */,
			);
			runOnlyForDeploymentPostprocessing = 0;
		};
		77F375AB2A90B722002E663F /* Resources */ = {
			isa = PBXResourcesBuildPhase;
			buildActionMask = 2147483647;
			files = (
			);
			runOnlyForDeploymentPostprocessing = 0;
		};
		77F375B52A90B722002E663F /* Resources */ = {
			isa = PBXResourcesBuildPhase;
			buildActionMask = 2147483647;
			files = (
			);
			runOnlyForDeploymentPostprocessing = 0;
		};
/* End PBXResourcesBuildPhase section */

/* Begin PBXSourcesBuildPhase section */
		77F375932A90B721002E663F /* Sources */ = {
			isa = PBXSourcesBuildPhase;
			buildActionMask = 2147483647;
			files = (
				77FF5EB52AA7A29300728127 /* AccountSummaryHeaderView.swift in Sources */,
				77135D9A2A9A23B500896066 /* DummyViewController.swift in Sources */,
				77F375CD2A90BBEC002E663F /* LoginView.swift in Sources */,
				77F3759F2A90B721002E663F /* LoginViewController.swift in Sources */,
				771331662A94F2BB00896066 /* OnBoardingContainerViewController.swift in Sources */,
				77135D982A9891D600896066 /* OnBoardingViewController.swift in Sources */,
				77F375CF2A914D0A002E663F /* LoginHeader.swift in Sources */,
				77CB7DC52AA39FFC0059B7F8 /* ViewController+Utils.swift in Sources */,
				77CB7DC32AA39F360059B7F8 /* MainViewController.swift in Sources */,
				77FF5EB32AA7A02C00728127 /* AccountSummaryViewController.swift in Sources */,
				77F3759B2A90B721002E663F /* AppDelegate.swift in Sources */,
				77135D9D2A9A2B2A00896066 /* LocalState.swift in Sources */,
			);
			runOnlyForDeploymentPostprocessing = 0;
		};
		77F375A92A90B722002E663F /* Sources */ = {
			isa = PBXSourcesBuildPhase;
			buildActionMask = 2147483647;
			files = (
				77F375B22A90B722002E663F /* Professional_iosTests.swift in Sources */,
			);
			runOnlyForDeploymentPostprocessing = 0;
		};
		77F375B32A90B722002E663F /* Sources */ = {
			isa = PBXSourcesBuildPhase;
			buildActionMask = 2147483647;
			files = (
				77F375BC2A90B722002E663F /* Professional_iosUITests.swift in Sources */,
				77F375BE2A90B722002E663F /* Professional_iosUITestsLaunchTests.swift in Sources */,
			);
			runOnlyForDeploymentPostprocessing = 0;
		};
/* End PBXSourcesBuildPhase section */

/* Begin PBXTargetDependency section */
		77F375AF2A90B722002E663F /* PBXTargetDependency */ = {
			isa = PBXTargetDependency;
			target = 77F375962A90B721002E663F /* Professional-ios */;
			targetProxy = 77F375AE2A90B722002E663F /* PBXContainerItemProxy */;
		};
		77F375B92A90B722002E663F /* PBXTargetDependency */ = {
			isa = PBXTargetDependency;
			target = 77F375962A90B721002E663F /* Professional-ios */;
			targetProxy = 77F375B82A90B722002E663F /* PBXContainerItemProxy */;
		};
/* End PBXTargetDependency section */

/* Begin PBXVariantGroup section */
		77F375A52A90B722002E663F /* LaunchScreen.storyboard */ = {
			isa = PBXVariantGroup;
			children = (
				77F375A62A90B722002E663F /* Base */,
			);
			name = LaunchScreen.storyboard;
			sourceTree = "<group>";
		};
/* End PBXVariantGroup section */

/* Begin XCBuildConfiguration section */
		77F375BF2A90B722002E663F /* Debug */ = {
			isa = XCBuildConfiguration;
			buildSettings = {
				ALWAYS_SEARCH_USER_PATHS = NO;
				CLANG_ANALYZER_NONNULL = YES;
				CLANG_ANALYZER_NUMBER_OBJECT_CONVERSION = YES_AGGRESSIVE;
				CLANG_CXX_LANGUAGE_STANDARD = "gnu++20";
				CLANG_ENABLE_MODULES = YES;
				CLANG_ENABLE_OBJC_ARC = YES;
				CLANG_ENABLE_OBJC_WEAK = YES;
				CLANG_WARN_BLOCK_CAPTURE_AUTORELEASING = YES;
				CLANG_WARN_BOOL_CONVERSION = YES;
				CLANG_WARN_COMMA = YES;
				CLANG_WARN_CONSTANT_CONVERSION = YES;
				CLANG_WARN_DEPRECATED_OBJC_IMPLEMENTATIONS = YES;
				CLANG_WARN_DIRECT_OBJC_ISA_USAGE = YES_ERROR;
				CLANG_WARN_DOCUMENTATION_COMMENTS = YES;
				CLANG_WARN_EMPTY_BODY = YES;
				CLANG_WARN_ENUM_CONVERSION = YES;
				CLANG_WARN_INFINITE_RECURSION = YES;
				CLANG_WARN_INT_CONVERSION = YES;
				CLANG_WARN_NON_LITERAL_NULL_CONVERSION = YES;
				CLANG_WARN_OBJC_IMPLICIT_RETAIN_SELF = YES;
				CLANG_WARN_OBJC_LITERAL_CONVERSION = YES;
				CLANG_WARN_OBJC_ROOT_CLASS = YES_ERROR;
				CLANG_WARN_QUOTED_INCLUDE_IN_FRAMEWORK_HEADER = YES;
				CLANG_WARN_RANGE_LOOP_ANALYSIS = YES;
				CLANG_WARN_STRICT_PROTOTYPES = YES;
				CLANG_WARN_SUSPICIOUS_MOVE = YES;
				CLANG_WARN_UNGUARDED_AVAILABILITY = YES_AGGRESSIVE;
				CLANG_WARN_UNREACHABLE_CODE = YES;
				CLANG_WARN__DUPLICATE_METHOD_MATCH = YES;
				COPY_PHASE_STRIP = NO;
				DEBUG_INFORMATION_FORMAT = dwarf;
				ENABLE_STRICT_OBJC_MSGSEND = YES;
				ENABLE_TESTABILITY = YES;
				GCC_C_LANGUAGE_STANDARD = gnu11;
				GCC_DYNAMIC_NO_PIC = NO;
				GCC_NO_COMMON_BLOCKS = YES;
				GCC_OPTIMIZATION_LEVEL = 0;
				GCC_PREPROCESSOR_DEFINITIONS = (
					"DEBUG=1",
					"$(inherited)",
				);
				GCC_WARN_64_TO_32_BIT_CONVERSION = YES;
				GCC_WARN_ABOUT_RETURN_TYPE = YES_ERROR;
				GCC_WARN_UNDECLARED_SELECTOR = YES;
				GCC_WARN_UNINITIALIZED_AUTOS = YES_AGGRESSIVE;
				GCC_WARN_UNUSED_FUNCTION = YES;
				GCC_WARN_UNUSED_VARIABLE = YES;
				IPHONEOS_DEPLOYMENT_TARGET = 16.4;
				MTL_ENABLE_DEBUG_INFO = INCLUDE_SOURCE;
				MTL_FAST_MATH = YES;
				ONLY_ACTIVE_ARCH = YES;
				SDKROOT = iphoneos;
				SWIFT_ACTIVE_COMPILATION_CONDITIONS = DEBUG;
				SWIFT_OPTIMIZATION_LEVEL = "-Onone";
			};
			name = Debug;
		};
		77F375C02A90B722002E663F /* Release */ = {
			isa = XCBuildConfiguration;
			buildSettings = {
				ALWAYS_SEARCH_USER_PATHS = NO;
				CLANG_ANALYZER_NONNULL = YES;
				CLANG_ANALYZER_NUMBER_OBJECT_CONVERSION = YES_AGGRESSIVE;
				CLANG_CXX_LANGUAGE_STANDARD = "gnu++20";
				CLANG_ENABLE_MODULES = YES;
				CLANG_ENABLE_OBJC_ARC = YES;
				CLANG_ENABLE_OBJC_WEAK = YES;
				CLANG_WARN_BLOCK_CAPTURE_AUTORELEASING = YES;
				CLANG_WARN_BOOL_CONVERSION = YES;
				CLANG_WARN_COMMA = YES;
				CLANG_WARN_CONSTANT_CONVERSION = YES;
				CLANG_WARN_DEPRECATED_OBJC_IMPLEMENTATIONS = YES;
				CLANG_WARN_DIRECT_OBJC_ISA_USAGE = YES_ERROR;
				CLANG_WARN_DOCUMENTATION_COMMENTS = YES;
				CLANG_WARN_EMPTY_BODY = YES;
				CLANG_WARN_ENUM_CONVERSION = YES;
				CLANG_WARN_INFINITE_RECURSION = YES;
				CLANG_WARN_INT_CONVERSION = YES;
				CLANG_WARN_NON_LITERAL_NULL_CONVERSION = YES;
				CLANG_WARN_OBJC_IMPLICIT_RETAIN_SELF = YES;
				CLANG_WARN_OBJC_LITERAL_CONVERSION = YES;
				CLANG_WARN_OBJC_ROOT_CLASS = YES_ERROR;
				CLANG_WARN_QUOTED_INCLUDE_IN_FRAMEWORK_HEADER = YES;
				CLANG_WARN_RANGE_LOOP_ANALYSIS = YES;
				CLANG_WARN_STRICT_PROTOTYPES = YES;
				CLANG_WARN_SUSPICIOUS_MOVE = YES;
				CLANG_WARN_UNGUARDED_AVAILABILITY = YES_AGGRESSIVE;
				CLANG_WARN_UNREACHABLE_CODE = YES;
				CLANG_WARN__DUPLICATE_METHOD_MATCH = YES;
				COPY_PHASE_STRIP = NO;
				DEBUG_INFORMATION_FORMAT = "dwarf-with-dsym";
				ENABLE_NS_ASSERTIONS = NO;
				ENABLE_STRICT_OBJC_MSGSEND = YES;
				GCC_C_LANGUAGE_STANDARD = gnu11;
				GCC_NO_COMMON_BLOCKS = YES;
				GCC_WARN_64_TO_32_BIT_CONVERSION = YES;
				GCC_WARN_ABOUT_RETURN_TYPE = YES_ERROR;
				GCC_WARN_UNDECLARED_SELECTOR = YES;
				GCC_WARN_UNINITIALIZED_AUTOS = YES_AGGRESSIVE;
				GCC_WARN_UNUSED_FUNCTION = YES;
				GCC_WARN_UNUSED_VARIABLE = YES;
				IPHONEOS_DEPLOYMENT_TARGET = 16.4;
				MTL_ENABLE_DEBUG_INFO = NO;
				MTL_FAST_MATH = YES;
				SDKROOT = iphoneos;
				SWIFT_COMPILATION_MODE = wholemodule;
				SWIFT_OPTIMIZATION_LEVEL = "-O";
				VALIDATE_PRODUCT = YES;
			};
			name = Release;
		};
		77F375C22A90B722002E663F /* Debug */ = {
			isa = XCBuildConfiguration;
			buildSettings = {
				ASSETCATALOG_COMPILER_APPICON_NAME = AppIcon;
				ASSETCATALOG_COMPILER_GLOBAL_ACCENT_COLOR_NAME = AccentColor;
				CODE_SIGN_STYLE = Automatic;
				CURRENT_PROJECT_VERSION = 1;
				DEVELOPMENT_TEAM = 2CK557733P;
				GENERATE_INFOPLIST_FILE = YES;
				INFOPLIST_FILE = "Professional-ios/Info.plist";
				INFOPLIST_KEY_UIApplicationSupportsIndirectInputEvents = YES;
				INFOPLIST_KEY_UILaunchStoryboardName = LaunchScreen;
				INFOPLIST_KEY_UISupportedInterfaceOrientations_iPad = "UIInterfaceOrientationPortrait UIInterfaceOrientationPortraitUpsideDown UIInterfaceOrientationLandscapeLeft UIInterfaceOrientationLandscapeRight";
				INFOPLIST_KEY_UISupportedInterfaceOrientations_iPhone = "UIInterfaceOrientationPortrait UIInterfaceOrientationLandscapeLeft UIInterfaceOrientationLandscapeRight";
				LD_RUNPATH_SEARCH_PATHS = (
					"$(inherited)",
					"@executable_path/Frameworks",
				);
				MARKETING_VERSION = 1.0;
				PRODUCT_BUNDLE_IDENTIFIER = "Nothing.Professional-ios";
				PRODUCT_NAME = "$(TARGET_NAME)";
				SWIFT_EMIT_LOC_STRINGS = YES;
				SWIFT_VERSION = 5.0;
				TARGETED_DEVICE_FAMILY = "1,2";
			};
			name = Debug;
		};
		77F375C32A90B722002E663F /* Release */ = {
			isa = XCBuildConfiguration;
			buildSettings = {
				ASSETCATALOG_COMPILER_APPICON_NAME = AppIcon;
				ASSETCATALOG_COMPILER_GLOBAL_ACCENT_COLOR_NAME = AccentColor;
				CODE_SIGN_STYLE = Automatic;
				CURRENT_PROJECT_VERSION = 1;
				DEVELOPMENT_TEAM = 2CK557733P;
				GENERATE_INFOPLIST_FILE = YES;
				INFOPLIST_FILE = "Professional-ios/Info.plist";
				INFOPLIST_KEY_UIApplicationSupportsIndirectInputEvents = YES;
				INFOPLIST_KEY_UILaunchStoryboardName = LaunchScreen;
				INFOPLIST_KEY_UISupportedInterfaceOrientations_iPad = "UIInterfaceOrientationPortrait UIInterfaceOrientationPortraitUpsideDown UIInterfaceOrientationLandscapeLeft UIInterfaceOrientationLandscapeRight";
				INFOPLIST_KEY_UISupportedInterfaceOrientations_iPhone = "UIInterfaceOrientationPortrait UIInterfaceOrientationLandscapeLeft UIInterfaceOrientationLandscapeRight";
				LD_RUNPATH_SEARCH_PATHS = (
					"$(inherited)",
					"@executable_path/Frameworks",
				);
				MARKETING_VERSION = 1.0;
				PRODUCT_BUNDLE_IDENTIFIER = "Nothing.Professional-ios";
				PRODUCT_NAME = "$(TARGET_NAME)";
				SWIFT_EMIT_LOC_STRINGS = YES;
				SWIFT_VERSION = 5.0;
				TARGETED_DEVICE_FAMILY = "1,2";
			};
			name = Release;
		};
		77F375C52A90B722002E663F /* Debug */ = {
			isa = XCBuildConfiguration;
			buildSettings = {
				ALWAYS_EMBED_SWIFT_STANDARD_LIBRARIES = YES;
				BUNDLE_LOADER = "$(TEST_HOST)";
				CODE_SIGN_STYLE = Automatic;
				CURRENT_PROJECT_VERSION = 1;
				DEVELOPMENT_TEAM = 2CK557733P;
				GENERATE_INFOPLIST_FILE = YES;
				IPHONEOS_DEPLOYMENT_TARGET = 16.4;
				MARKETING_VERSION = 1.0;
				PRODUCT_BUNDLE_IDENTIFIER = "Nothing.Professional-iosTests";
				PRODUCT_NAME = "$(TARGET_NAME)";
				SWIFT_EMIT_LOC_STRINGS = NO;
				SWIFT_VERSION = 5.0;
				TARGETED_DEVICE_FAMILY = "1,2";
				TEST_HOST = "$(BUILT_PRODUCTS_DIR)/Professional-ios.app/$(BUNDLE_EXECUTABLE_FOLDER_PATH)/Professional-ios";
			};
			name = Debug;
		};
		77F375C62A90B722002E663F /* Release */ = {
			isa = XCBuildConfiguration;
			buildSettings = {
				ALWAYS_EMBED_SWIFT_STANDARD_LIBRARIES = YES;
				BUNDLE_LOADER = "$(TEST_HOST)";
				CODE_SIGN_STYLE = Automatic;
				CURRENT_PROJECT_VERSION = 1;
				DEVELOPMENT_TEAM = 2CK557733P;
				GENERATE_INFOPLIST_FILE = YES;
				IPHONEOS_DEPLOYMENT_TARGET = 16.4;
				MARKETING_VERSION = 1.0;
				PRODUCT_BUNDLE_IDENTIFIER = "Nothing.Professional-iosTests";
				PRODUCT_NAME = "$(TARGET_NAME)";
				SWIFT_EMIT_LOC_STRINGS = NO;
				SWIFT_VERSION = 5.0;
				TARGETED_DEVICE_FAMILY = "1,2";
				TEST_HOST = "$(BUILT_PRODUCTS_DIR)/Professional-ios.app/$(BUNDLE_EXECUTABLE_FOLDER_PATH)/Professional-ios";
			};
			name = Release;
		};
		77F375C82A90B722002E663F /* Debug */ = {
			isa = XCBuildConfiguration;
			buildSettings = {
				ALWAYS_EMBED_SWIFT_STANDARD_LIBRARIES = YES;
				CODE_SIGN_STYLE = Automatic;
				CURRENT_PROJECT_VERSION = 1;
				DEVELOPMENT_TEAM = 2CK557733P;
				GENERATE_INFOPLIST_FILE = YES;
				MARKETING_VERSION = 1.0;
				PRODUCT_BUNDLE_IDENTIFIER = "Nothing.Professional-iosUITests";
				PRODUCT_NAME = "$(TARGET_NAME)";
				SWIFT_EMIT_LOC_STRINGS = NO;
				SWIFT_VERSION = 5.0;
				TARGETED_DEVICE_FAMILY = "1,2";
				TEST_TARGET_NAME = "Professional-ios";
			};
			name = Debug;
		};
		77F375C92A90B722002E663F /* Release */ = {
			isa = XCBuildConfiguration;
			buildSettings = {
				ALWAYS_EMBED_SWIFT_STANDARD_LIBRARIES = YES;
				CODE_SIGN_STYLE = Automatic;
				CURRENT_PROJECT_VERSION = 1;
				DEVELOPMENT_TEAM = 2CK557733P;
				GENERATE_INFOPLIST_FILE = YES;
				MARKETING_VERSION = 1.0;
				PRODUCT_BUNDLE_IDENTIFIER = "Nothing.Professional-iosUITests";
				PRODUCT_NAME = "$(TARGET_NAME)";
				SWIFT_EMIT_LOC_STRINGS = NO;
				SWIFT_VERSION = 5.0;
				TARGETED_DEVICE_FAMILY = "1,2";
				TEST_TARGET_NAME = "Professional-ios";
			};
			name = Release;
		};
/* End XCBuildConfiguration section */

/* Begin XCConfigurationList section */
		77F375922A90B721002E663F /* Build configuration list for PBXProject "Professional-ios" */ = {
			isa = XCConfigurationList;
			buildConfigurations = (
				77F375BF2A90B722002E663F /* Debug */,
				77F375C02A90B722002E663F /* Release */,
			);
			defaultConfigurationIsVisible = 0;
			defaultConfigurationName = Release;
		};
		77F375C12A90B722002E663F /* Build configuration list for PBXNativeTarget "Professional-ios" */ = {
			isa = XCConfigurationList;
			buildConfigurations = (
				77F375C22A90B722002E663F /* Debug */,
				77F375C32A90B722002E663F /* Release */,
			);
			defaultConfigurationIsVisible = 0;
			defaultConfigurationName = Release;
		};
		77F375C42A90B722002E663F /* Build configuration list for PBXNativeTarget "Professional-iosTests" */ = {
			isa = XCConfigurationList;
			buildConfigurations = (
				77F375C52A90B722002E663F /* Debug */,
				77F375C62A90B722002E663F /* Release */,
			);
			defaultConfigurationIsVisible = 0;
			defaultConfigurationName = Release;
		};
		77F375C72A90B722002E663F /* Build configuration list for PBXNativeTarget "Professional-iosUITests" */ = {
			isa = XCConfigurationList;
			buildConfigurations = (
				77F375C82A90B722002E663F /* Debug */,
				77F375C92A90B722002E663F /* Release */,
			);
			defaultConfigurationIsVisible = 0;
			defaultConfigurationName = Release;
		};
/* End XCConfigurationList section */
	};
	rootObject = 77F3758F2A90B721002E663F /* Project object */;
}
